
Microsoft Visual Studio Solution File, Format Version 12.00
# Visual Studio Version 17
VisualStudioVersion = 17.14.36511.14 d17.14
MinimumVisualStudioVersion = 10.0.40219.1
Project("{8BC9CEB8-8B4A-11D0-8D11-00A0C91BC942}") = "p119", "p119.vcxproj", "{4DBC95EB-A401-42C7-A837-1FACDEF79DB2}"
EndProject
Global
	GlobalSection(SolutionConfigurationPlatforms) = preSolution
		Debug|x64 = Debug|x64
		Debug|x86 = Debug|x86
		Release|x64 = Release|x64
		Release|x86 = Release|x86
	EndGlobalSection
	GlobalSection(ProjectConfigurationPlatforms) = postSolution
		{4DBC95EB-A401-42C7-A837-1FACDEF79DB2}.Debug|x64.ActiveCfg = Debug|x64
		{4DBC95EB-A401-42C7-A837-1FACDEF79DB2}.Debug|x64.Build.0 = Debug|x64
		{4DBC95EB-A401-42C7-A837-1FACDEF79DB2}.Debug|x86.ActiveCfg = Debug|Win32
		{4DBC95EB-A401-42C7-A837-1FACDEF79DB2}.Debug|x86.Build.0 = Debug|Win32
		{4DBC95EB-A401-42C7-A837-1FACDEF79DB2}.Release|x64.ActiveCfg = Release|x64
		{4DBC95EB-A401-42C7-A837-1FACDEF79DB2}.Release|x64.Build.0 = Release|x64
		{4DBC95EB-A401-42C7-A837-1FACDEF79DB2}.Release|x86.ActiveCfg = Release|Win32
		{4DBC95EB-A401-42C7-A837-1FACDEF79DB2}.Release|x86.Build.0 = Release|Win32
	EndGlobalSection
	GlobalSection(SolutionProperties) = preSolution
		HideSolutionNode = FALSE
	EndGlobalSection
	GlobalSection(ExtensibilityGlobals) = postSolution
		SolutionGuid = {56D0331C-DC61-4C08-B45A-085C5C449C73}
	EndGlobalSection
EndGlobal
