
Microsoft Visual Studio Solution File, Format Version 12.00
# Visual Studio Version 17
VisualStudioVersion = 17.14.36401.2 d17.14
MinimumVisualStudioVersion = 10.0.40219.1
Project("{8BC9CEB8-8B4A-11D0-8D11-00A0C91BC942}") = "HM20", "HM20.vcxproj", "{A5F1E283-7AE8-46E2-8FC8-5622728FD270}"
EndProject
Global
	GlobalSection(SolutionConfigurationPlatforms) = preSolution
		Debug|x64 = Debug|x64
		Debug|x86 = Debug|x86
		Release|x64 = Release|x64
		Release|x86 = Release|x86
	EndGlobalSection
	GlobalSection(ProjectConfigurationPlatforms) = postSolution
		{A5F1E283-7AE8-46E2-8FC8-5622728FD270}.Debug|x64.ActiveCfg = Debug|x64
		{A5F1E283-7AE8-46E2-8FC8-5622728FD270}.Debug|x64.Build.0 = Debug|x64
		{A5F1E283-7AE8-46E2-8FC8-5622728FD270}.Debug|x86.ActiveCfg = Debug|Win32
		{A5F1E283-7AE8-46E2-8FC8-5622728FD270}.Debug|x86.Build.0 = Debug|Win32
		{A5F1E283-7AE8-46E2-8FC8-5622728FD270}.Release|x64.ActiveCfg = Release|x64
		{A5F1E283-7AE8-46E2-8FC8-5622728FD270}.Release|x64.Build.0 = Release|x64
		{A5F1E283-7AE8-46E2-8FC8-5622728FD270}.Release|x86.ActiveCfg = Release|Win32
		{A5F1E283-7AE8-46E2-8FC8-5622728FD270}.Release|x86.Build.0 = Release|Win32
	EndGlobalSection
	GlobalSection(SolutionProperties) = preSolution
		HideSolutionNode = FALSE
	EndGlobalSection
	GlobalSection(ExtensibilityGlobals) = postSolution
		SolutionGuid = {F591C619-2BE9-4FBB-A5A7-4302D82BE1C4}
	EndGlobalSection
EndGlobal
