
Microsoft Visual Studio Solution File, Format Version 12.00
# Visual Studio Version 17
VisualStudioVersion = 17.14.36511.14 d17.14
MinimumVisualStudioVersion = 10.0.40219.1
Project("{8BC9CEB8-8B4A-11D0-8D11-00A0C91BC942}") = "HM34", "HM34.vcxproj", "{E50833FC-C424-4738-9DFC-3F4AE7F08864}"
EndProject
Global
	GlobalSection(SolutionConfigurationPlatforms) = preSolution
		Debug|x64 = Debug|x64
		Debug|x86 = Debug|x86
		Release|x64 = Release|x64
		Release|x86 = Release|x86
	EndGlobalSection
	GlobalSection(ProjectConfigurationPlatforms) = postSolution
		{E50833FC-C424-4738-9DFC-3F4AE7F08864}.Debug|x64.ActiveCfg = Debug|x64
		{E50833FC-C424-4738-9DFC-3F4AE7F08864}.Debug|x64.Build.0 = Debug|x64
		{E50833FC-C424-4738-9DFC-3F4AE7F08864}.Debug|x86.ActiveCfg = Debug|Win32
		{E50833FC-C424-4738-9DFC-3F4AE7F08864}.Debug|x86.Build.0 = Debug|Win32
		{E50833FC-C424-4738-9DFC-3F4AE7F08864}.Release|x64.ActiveCfg = Release|x64
		{E50833FC-C424-4738-9DFC-3F4AE7F08864}.Release|x64.Build.0 = Release|x64
		{E50833FC-C424-4738-9DFC-3F4AE7F08864}.Release|x86.ActiveCfg = Release|Win32
		{E50833FC-C424-4738-9DFC-3F4AE7F08864}.Release|x86.Build.0 = Release|Win32
	EndGlobalSection
	GlobalSection(SolutionProperties) = preSolution
		HideSolutionNode = FALSE
	EndGlobalSection
	GlobalSection(ExtensibilityGlobals) = postSolution
		SolutionGuid = {E82D6A9B-5814-40DF-B058-9FE96FDE687B}
	EndGlobalSection
EndGlobal
