
Microsoft Visual Studio Solution File, Format Version 12.00
# Visual Studio Version 17
VisualStudioVersion = 17.14.36401.2 d17.14
MinimumVisualStudioVersion = 10.0.40219.1
Project("{8BC9CEB8-8B4A-11D0-8D11-00A0C91BC942}") = "P6", "P6.vcxproj", "{48EAE834-8BAF-4106-8FBC-143A56E61239}"
EndProject
Global
	GlobalSection(SolutionConfigurationPlatforms) = preSolution
		Debug|x64 = Debug|x64
		Debug|x86 = Debug|x86
		Release|x64 = Release|x64
		Release|x86 = Release|x86
	EndGlobalSection
	GlobalSection(ProjectConfigurationPlatforms) = postSolution
		{48EAE834-8BAF-4106-8FBC-143A56E61239}.Debug|x64.ActiveCfg = Debug|x64
		{48EAE834-8BAF-4106-8FBC-143A56E61239}.Debug|x64.Build.0 = Debug|x64
		{48EAE834-8BAF-4106-8FBC-143A56E61239}.Debug|x86.ActiveCfg = Debug|Win32
		{48EAE834-8BAF-4106-8FBC-143A56E61239}.Debug|x86.Build.0 = Debug|Win32
		{48EAE834-8BAF-4106-8FBC-143A56E61239}.Release|x64.ActiveCfg = Release|x64
		{48EAE834-8BAF-4106-8FBC-143A56E61239}.Release|x64.Build.0 = Release|x64
		{48EAE834-8BAF-4106-8FBC-143A56E61239}.Release|x86.ActiveCfg = Release|Win32
		{48EAE834-8BAF-4106-8FBC-143A56E61239}.Release|x86.Build.0 = Release|Win32
	EndGlobalSection
	GlobalSection(SolutionProperties) = preSolution
		HideSolutionNode = FALSE
	EndGlobalSection
	GlobalSection(ExtensibilityGlobals) = postSolution
		SolutionGuid = {C3B0504A-D14B-49CD-B562-934CB9CC5DA0}
	EndGlobalSection
EndGlobal
